
Microsoft Visual Studio Solution File, Format Version 12.00
# Visual Studio Version 17
VisualStudioVersion = 17.9.34622.214
MinimumVisualStudioVersion = 10.0.40219.1
Project("{FAE04EC0-301F-11D3-BF4B-00C04F79EFBC}") = "MVCEquiposXaldakr", "MVCEquiposXaldakr\MVCEquiposXaldakr.csproj", "{EECBBB07-4580-4B2D-AAB2-3AB9186399A6}"
EndProject
Global
	GlobalSection(SolutionConfigurationPlatforms) = preSolution
		Debug|Any CPU = Debug|Any CPU
		Release|Any CPU = Release|Any CPU
	EndGlobalSection
	GlobalSection(ProjectConfigurationPlatforms) = postSolution
		{EECBBB07-4580-4B2D-AAB2-3AB9186399A6}.Debug|Any CPU.ActiveCfg = Debug|Any CPU
		{EECBBB07-4580-4B2D-AAB2-3AB9186399A6}.Debug|Any CPU.Build.0 = Debug|Any CPU
		{EECBBB07-4580-4B2D-AAB2-3AB9186399A6}.Release|Any CPU.ActiveCfg = Release|Any CPU
		{EECBBB07-4580-4B2D-AAB2-3AB9186399A6}.Release|Any CPU.Build.0 = Release|Any CPU
	EndGlobalSection
	GlobalSection(SolutionProperties) = preSolution
		HideSolutionNode = FALSE
	EndGlobalSection
	GlobalSection(ExtensibilityGlobals) = postSolution
		SolutionGuid = {4267C6B2-D1FA-4800-B4CA-621F503E1D00}
	EndGlobalSection
EndGlobal
